{
  "name": "librarynode",
  "version": "1.0.0",
  "lockfileVersion": 2,
  "requires": true,
  "packages": {
    "": {
      "version": "1.0.0",
      "license": "ISC",
      "dependencies": {
        "@kxrxll/librarydefender": "^1.0.0"
      }
    },
    "node_modules/@kxrxll/librarydefender": {
      "version": "1.0.0",
      "resolved": "https://npm.pkg.github.com/download/@kxrxll/librarydefender/1.0.0/7025a979b9708b36ce1be7204a80c83d9aea13f4967f2a0e123ad0397624605f",
      "integrity": "sha512-SHovx4TtRn2P9ROzoMJjld7Ow2/ZIgGMZUkYXDNPUneiUFFw/I+fMJPufORk+g9ZZ16b9uv9cuSN0Cg77zt3rA==",
      "license": "ISC"
    }
  },
  "dependencies": {
    "@kxrxll/librarydefender": {
      "version": "1.0.0",
      "resolved": "https://npm.pkg.github.com/download/@kxrxll/librarydefender/1.0.0/7025a979b9708b36ce1be7204a80c83d9aea13f4967f2a0e123ad0397624605f",
      "integrity": "sha512-SHovx4TtRn2P9ROzoMJjld7Ow2/ZIgGMZUkYXDNPUneiUFFw/I+fMJPufORk+g9ZZ16b9uv9cuSN0Cg77zt3rA=="
    }
  }
}
